
Microsoft Visual Studio Solution File, Format Version 12.00
# Visual Studio Version 16
VisualStudioVersion = 16.0.31729.503
MinimumVisualStudioVersion = 10.0.40219.1
Project("{FAE04EC0-301F-11D3-BF4B-00C04F79EFBC}") = "HW4_5_3", "HW4_5_3.csproj", "{7137D231-18A1-4E75-AF8B-E729E3EAB295}"
EndProject
Global
	GlobalSection(SolutionConfigurationPlatforms) = preSolution
		Debug|Any CPU = Debug|Any CPU
		Release|Any CPU = Release|Any CPU
	EndGlobalSection
	GlobalSection(ProjectConfigurationPlatforms) = postSolution
		{7137D231-18A1-4E75-AF8B-E729E3EAB295}.Debug|Any CPU.ActiveCfg = Debug|Any CPU
		{7137D231-18A1-4E75-AF8B-E729E3EAB295}.Debug|Any CPU.Build.0 = Debug|Any CPU
		{7137D231-18A1-4E75-AF8B-E729E3EAB295}.Release|Any CPU.ActiveCfg = Release|Any CPU
		{7137D231-18A1-4E75-AF8B-E729E3EAB295}.Release|Any CPU.Build.0 = Release|Any CPU
	EndGlobalSection
	GlobalSection(SolutionProperties) = preSolution
		HideSolutionNode = FALSE
	EndGlobalSection
	GlobalSection(ExtensibilityGlobals) = postSolution
		SolutionGuid = {35B33248-D804-4A45-99D2-FEA8C74B2777}
	EndGlobalSection
EndGlobal
